
Microsoft Visual Studio Solution File, Format Version 12.00
# Visual Studio Version 17
VisualStudioVersion = 17.1.32210.238
MinimumVisualStudioVersion = 10.0.40219.1
Project("{FAE04EC0-301F-11D3-BF4B-00C04F79EFBC}") = "FilmesAPI", "FilmesAPI\FilmesAPI.csproj", "{B2421421-432C-441B-B009-B924C55C7DA6}"
EndProject
Global
	GlobalSection(SolutionConfigurationPlatforms) = preSolution
		Debug|Any CPU = Debug|Any CPU
		Release|Any CPU = Release|Any CPU
	EndGlobalSection
	GlobalSection(ProjectConfigurationPlatforms) = postSolution
		{B2421421-432C-441B-B009-B924C55C7DA6}.Debug|Any CPU.ActiveCfg = Debug|Any CPU
		{B2421421-432C-441B-B009-B924C55C7DA6}.Debug|Any CPU.Build.0 = Debug|Any CPU
		{B2421421-432C-441B-B009-B924C55C7DA6}.Release|Any CPU.ActiveCfg = Release|Any CPU
		{B2421421-432C-441B-B009-B924C55C7DA6}.Release|Any CPU.Build.0 = Release|Any CPU
	EndGlobalSection
	GlobalSection(SolutionProperties) = preSolution
		HideSolutionNode = FALSE
	EndGlobalSection
	GlobalSection(ExtensibilityGlobals) = postSolution
		SolutionGuid = {FBFA97C5-24FE-478C-B0A0-F909ADE3DF78}
	EndGlobalSection
EndGlobal
